
Microsoft Visual Studio Solution File, Format Version 12.00
# Visual Studio Version 17
VisualStudioVersion = 17.10.35122.118
MinimumVisualStudioVersion = 10.0.40219.1
Project("{FAE04EC0-301F-11D3-BF4B-00C04F79EFBC}") = "CakeBakingProcessApp", "CakeBakingProcessApp\CakeBakingProcessApp.csproj", "{C8D72775-2AA8-4ED4-89CA-E5B758D47993}"
EndProject
Global
	GlobalSection(SolutionConfigurationPlatforms) = preSolution
		Debug|Any CPU = Debug|Any CPU
		Release|Any CPU = Release|Any CPU
	EndGlobalSection
	GlobalSection(ProjectConfigurationPlatforms) = postSolution
		{C8D72775-2AA8-4ED4-89CA-E5B758D47993}.Debug|Any CPU.ActiveCfg = Debug|Any CPU
		{C8D72775-2AA8-4ED4-89CA-E5B758D47993}.Debug|Any CPU.Build.0 = Debug|Any CPU
		{C8D72775-2AA8-4ED4-89CA-E5B758D47993}.Release|Any CPU.ActiveCfg = Release|Any CPU
		{C8D72775-2AA8-4ED4-89CA-E5B758D47993}.Release|Any CPU.Build.0 = Release|Any CPU
	EndGlobalSection
	GlobalSection(SolutionProperties) = preSolution
		HideSolutionNode = FALSE
	EndGlobalSection
	GlobalSection(ExtensibilityGlobals) = postSolution
		SolutionGuid = {12902EF6-DA0C-4DEB-A132-AF11CFFABD1B}
	EndGlobalSection
EndGlobal
